<?xml version="1.0" encoding="utf-8"?>
<Project ToolsVersion="4.0" xmlns="http://schemas.microsoft.com/developer/msbuild/2003">
  <ItemGroup>
    <ClCompile Include="brotli\c\dec\decode.c">
      <Filter>dec</Filter>
    </ClCompile>
    <ClCompile Include="brotli\c\dec\huffman.c">
      <Filter>dec</Filter>
    </ClCompile>
    <ClCompile Include="brotli\c\dec\state.c">
      <Filter>dec</Filter>
    </ClCompile>
    <ClCompile Include="brotli\c\dec\bit_reader.c">
      <Filter>dec</Filter>
    </ClCompile>
    <ClCompile Include="brotli\c\enc\utf8_util.c">
      <Filter>enc</Filter>
    </ClCompile>
    <ClCompile Include="brotli\c\enc\metablock.c">
      <Filter>enc</Filter>
    </ClCompile>
    <ClCompile Include="brotli\c\enc\memory.c">
      <Filter>enc</Filter>
    </ClCompile>
    <ClCompile Include="brotli\c\enc\literal_cost.c">
      <Filter>enc</Filter>
    </ClCompile>
    <ClCompile Include="brotli\c\enc\histogram.c">
      <Filter>enc</Filter>
    </ClCompile>
    <ClCompile Include="brotli\c\enc\backward_references.c">
      <Filter>enc</Filter>
    </ClCompile>
    <ClCompile Include="brotli\c\enc\bit_cost.c">
      <Filter>enc</Filter>
    </ClCompile>
    <ClCompile Include="brotli\c\enc\block_splitter.c">
      <Filter>enc</Filter>
    </ClCompile>
    <ClCompile Include="brotli\c\enc\brotli_bit_stream.c">
      <Filter>enc</Filter>
    </ClCompile>
    <ClCompile Include="brotli\c\enc\cluster.c">
      <Filter>enc</Filter>
    </ClCompile>
    <ClCompile Include="brotli\c\enc\compress_fragment.c">
      <Filter>enc</Filter>
    </ClCompile>
    <ClCompile Include="brotli\c\enc\compress_fragment_two_pass.c">
      <Filter>enc</Filter>
    </ClCompile>
    <ClCompile Include="brotli\c\common\dictionary.c">
      <Filter>common</Filter>
    </ClCompile>
    <ClCompile Include="brotli\c\enc\static_dict.c">
      <Filter>enc</Filter>
    </ClCompile>
    <ClCompile Include="brotli\c\enc\encode.c">
      <Filter>enc</Filter>
    </ClCompile>
    <ClCompile Include="brotli\c\enc\entropy_encode.c">
      <Filter>enc</Filter>
    </ClCompile>
    <ClCompile Include="brotli\c\enc\backward_references_hq.c">
      <Filter>enc</Filter>
    </ClCompile>
    <ClCompile Include="brotli\c\enc\encoder_dict.c">
      <Filter>enc</Filter>
    </ClCompile>
    <ClCompile Include="brotli\c\common\transform.c">
      <Filter>common</Filter>
    </ClCompile>
    <ClCompile Include="brotli\c\enc\dictionary_hash.c">
      <Filter>enc</Filter>
    </ClCompile>
    <ClCompile Include="brotli\c\enc\fast_log.c">
      <Filter>enc</Filter>
    </ClCompile>
    <ClCompile Include="brotli\c\common\context.c">
      <Filter>common</Filter>
    </ClCompile>
    <ClCompile Include="brotli\c\common\platform.c">
      <Filter>common</Filter>
    </ClCompile>
    <ClCompile Include="brotli\c\enc\command.c">
      <Filter>enc</Filter>
    </ClCompile>
    <ClCompile Include="brotli\c\common\constants.c">
      <Filter>common</Filter>
    </ClCompile>
    <ClCompile Include="brotli\c\enc\compound_dictionary.c">
      <Filter>enc</Filter>
    </ClCompile>
    <ClCompile Include="brotli\c\common\shared_dictionary.c">
      <Filter>common</Filter>
    </ClCompile>
  </ItemGroup>
  <ItemGroup>
    <ClInclude Include="brotli\c\dec\huffman.h">
      <Filter>dec</Filter>
    </ClInclude>
    <ClInclude Include="brotli\c\dec\state.h">
      <Filter>dec</Filter>
    </ClInclude>
    <ClInclude Include="brotli\c\dec\bit_reader.h">
      <Filter>dec</Filter>
    </ClInclude>
    <ClInclude Include="brotli\c\enc\write_bits.h">
      <Filter>enc</Filter>
    </ClInclude>
    <ClInclude Include="brotli\c\enc\utf8_util.h">
      <Filter>enc</Filter>
    </ClInclude>
    <ClInclude Include="brotli\c\enc\static_dict_lut.h">
      <Filter>enc</Filter>
    </ClInclude>
    <ClInclude Include="brotli\c\enc\ringbuffer.h">
      <Filter>enc</Filter>
    </ClInclude>
    <ClInclude Include="brotli\c\enc\quality.h">
      <Filter>enc</Filter>
    </ClInclude>
    <ClInclude Include="brotli\c\enc\metablock_inc.h">
      <Filter>enc</Filter>
    </ClInclude>
    <ClInclude Include="brotli\c\enc\metablock.h">
      <Filter>enc</Filter>
    </ClInclude>
    <ClInclude Include="brotli\c\enc\memory.h">
      <Filter>enc</Filter>
    </ClInclude>
    <ClInclude Include="brotli\c\enc\literal_cost.h">
      <Filter>enc</Filter>
    </ClInclude>
    <ClInclude Include="brotli\c\enc\histogram_inc.h">
      <Filter>enc</Filter>
    </ClInclude>
    <ClInclude Include="brotli\c\enc\histogram.h">
      <Filter>enc</Filter>
    </ClInclude>
    <ClInclude Include="brotli\c\enc\backward_references.h">
      <Filter>enc</Filter>
    </ClInclude>
    <ClInclude Include="brotli\c\enc\backward_references_inc.h">
      <Filter>enc</Filter>
    </ClInclude>
    <ClInclude Include="brotli\c\enc\bit_cost.h">
      <Filter>enc</Filter>
    </ClInclude>
    <ClInclude Include="brotli\c\enc\bit_cost_inc.h">
      <Filter>enc</Filter>
    </ClInclude>
    <ClInclude Include="brotli\c\enc\block_encoder_inc.h">
      <Filter>enc</Filter>
    </ClInclude>
    <ClInclude Include="brotli\c\enc\block_splitter.h">
      <Filter>enc</Filter>
    </ClInclude>
    <ClInclude Include="brotli\c\enc\block_splitter_inc.h">
      <Filter>enc</Filter>
    </ClInclude>
    <ClInclude Include="brotli\c\enc\brotli_bit_stream.h">
      <Filter>enc</Filter>
    </ClInclude>
    <ClInclude Include="brotli\c\enc\cluster.h">
      <Filter>enc</Filter>
    </ClInclude>
    <ClInclude Include="brotli\c\enc\cluster_inc.h">
      <Filter>enc</Filter>
    </ClInclude>
    <ClInclude Include="brotli\c\enc\command.h">
      <Filter>enc</Filter>
    </ClInclude>
    <ClInclude Include="brotli\c\enc\compress_fragment.h">
      <Filter>enc</Filter>
    </ClInclude>
    <ClInclude Include="brotli\c\enc\compress_fragment_two_pass.h">
      <Filter>enc</Filter>
    </ClInclude>
    <ClInclude Include="brotli\c\enc\hash_forgetful_chain_inc.h">
      <Filter>enc</Filter>
    </ClInclude>
    <ClInclude Include="brotli\c\enc\hash_longest_match_quickly_inc.h">
      <Filter>enc</Filter>
    </ClInclude>
    <ClInclude Include="brotli\c\enc\hash_longest_match_inc.h">
      <Filter>enc</Filter>
    </ClInclude>
    <ClInclude Include="brotli\c\enc\prefix.h">
      <Filter>enc</Filter>
    </ClInclude>
    <ClInclude Include="brotli\c\enc\context.h">
      <Filter>common</Filter>
    </ClInclude>
    <ClInclude Include="brotli\c\common\dictionary.h">
      <Filter>common</Filter>
    </ClInclude>
    <ClInclude Include="brotli\c\enc\static_dict.h">
      <Filter>enc</Filter>
    </ClInclude>
    <ClInclude Include="brotli\c\dec\prefix.h">
      <Filter>dec</Filter>
    </ClInclude>
    <ClInclude Include="brotli\c\enc\hash.h">
      <Filter>enc</Filter>
    </ClInclude>
    <ClInclude Include="brotli\c\enc\fast_log.h">
      <Filter>enc</Filter>
    </ClInclude>
    <ClInclude Include="brotli\c\enc\find_match_length.h">
      <Filter>enc</Filter>
    </ClInclude>
    <ClInclude Include="brotli\c\enc\dictionary_hash.h">
      <Filter>enc</Filter>
    </ClInclude>
    <ClInclude Include="brotli\c\enc\entropy_encode_static.h">
      <Filter>enc</Filter>
    </ClInclude>
    <ClInclude Include="brotli\c\enc\entropy_encode.h">
      <Filter>enc</Filter>
    </ClInclude>
    <ClInclude Include="brotli\c\enc\backward_references_hq.h">
      <Filter>enc</Filter>
    </ClInclude>
    <ClInclude Include="brotli\c\enc\encoder_dict.h">
      <Filter>enc</Filter>
    </ClInclude>
    <ClInclude Include="brotli\c\common\transform.h">
      <Filter>common</Filter>
    </ClInclude>
    <ClInclude Include="brotli\c\common\platform.h">
      <Filter>common</Filter>
    </ClInclude>
    <ClInclude Include="brotli\c\common\constants.h">
      <Filter>common</Filter>
    </ClInclude>
    <ClInclude Include="brotli\c\enc\compound_dictionary.h">
      <Filter>enc</Filter>
    </ClInclude>
    <ClInclude Include="brotli\c\common\shared_dictionary_internal.h">
      <Filter>common</Filter>
    </ClInclude>
  </ItemGroup>
  <ItemGroup>
    <Filter Include="dec">
      <UniqueIdentifier>{54d2bea4-94c5-4216-b830-5f012155481b}</UniqueIdentifier>
    </Filter>
    <Filter Include="enc">
      <UniqueIdentifier>{a907473f-ff15-4a19-b52e-a5f293cecd57}</UniqueIdentifier>
    </Filter>
    <Filter Include="common">
      <UniqueIdentifier>{29b5ae87-b2db-46c2-9429-066997d5973d}</UniqueIdentifier>
    </Filter>
  </ItemGroup>
</Project>