<?xml version="1.0" encoding="utf-8"?>
<Project ToolsVersion="4.0" xmlns="http://schemas.microsoft.com/developer/msbuild/2003">
  <ItemGroup>
    <Filter Include="Quelldateien">
      <UniqueIdentifier>{38713188-d5f4-46f2-9917-df50c3cdfdd7}</UniqueIdentifier>
    </Filter>
    <Filter Include="Headerdateien">
      <UniqueIdentifier>{0680e12b-f558-45df-b1d4-7ce9a08ba626}</UniqueIdentifier>
    </Filter>
  </ItemGroup>
  <ItemGroup>
    <ClCompile Include="Http2Fetch.cpp">
      <Filter>Quelldateien</Filter>
    </ClCompile>
    <ClCompile Include="Trace.cpp">
      <Filter>Quelldateien</Filter>
    </ClCompile>
    <ClCompile Include="HttpFetch.cpp">
      <Filter>Quelldateien</Filter>
    </ClCompile>
    <ClCompile Include="TempFile.cpp">
      <Filter>Quelldateien</Filter>
    </ClCompile>
    <ClCompile Include="HPack.cpp">
      <Filter>Quelldateien</Filter>
    </ClCompile>
  </ItemGroup>
  <ItemGroup>
    <ClInclude Include="Base64.h">
      <Filter>Headerdateien</Filter>
    </ClInclude>
    <ClInclude Include="GZip.h">
      <Filter>Headerdateien</Filter>
    </ClInclude>
    <ClInclude Include="H2Proto.h">
      <Filter>Headerdateien</Filter>
    </ClInclude>
    <ClInclude Include="TempFile.h">
      <Filter>Headerdateien</Filter>
    </ClInclude>
    <ClInclude Include="Timer.h">
      <Filter>Headerdateien</Filter>
    </ClInclude>
    <ClInclude Include="HPack.h">
      <Filter>Headerdateien</Filter>
    </ClInclude>
    <ClInclude Include="Trace.h">
      <Filter>Headerdateien</Filter>
    </ClInclude>
    <ClInclude Include="HttpFetch.h">
      <Filter>Headerdateien</Filter>
    </ClInclude>
  </ItemGroup>
</Project>